// !$*UTF8*$!
{
	archiveVersion = 1;
	classes = {
	};
	objectVersion = 50;
	objects = {

/* Begin PBXBuildFile section */
		63678B0E2567D1F900523908 /* bg200points.png in Resources */ = {isa = PBXBuildFile; fileRef = 63678B0D2567D1F900523908 /* bg200points.png */; };
		63678B102567D9B700523908 /* Stage.swift in Sources */ = {isa = PBXBuildFile; fileRef = 63678B0F2567D9B700523908 /* Stage.swift */; };
		63F1F9132563D2B100798218 /* AppDelegate.swift in Sources */ = {isa = PBXBuildFile; fileRef = 63F1F9122563D2B100798218 /* AppDelegate.swift */; };
		63F1F9152563D2B100798218 /* GameScene.sks in Resources */ = {isa = PBXBuildFile; fileRef = 63F1F9142563D2B100798218 /* GameScene.sks */; };
		63F1F9192563D2B100798218 /* GameScene.swift in Sources */ = {isa = PBXBuildFile; fileRef = 63F1F9182563D2B100798218 /* GameScene.swift */; };
		63F1F91B2563D2B100798218 /* GameViewController.swift in Sources */ = {isa = PBXBuildFile; fileRef = 63F1F91A2563D2B100798218 /* GameViewController.swift */; };
		63F1F91E2563D2B100798218 /* Main.storyboard in Resources */ = {isa = PBXBuildFile; fileRef = 63F1F91C2563D2B100798218 /* Main.storyboard */; };
		63F1F9202563D2B200798218 /* Assets.xcassets in Resources */ = {isa = PBXBuildFile; fileRef = 63F1F91F2563D2B200798218 /* Assets.xcassets */; };
		63F1F9232563D2B200798218 /* LaunchScreen.storyboard in Resources */ = {isa = PBXBuildFile; fileRef = 63F1F9212563D2B200798218 /* LaunchScreen.storyboard */; };
		63F1F92B2563E29B00798218 /* scene.atlas in Resources */ = {isa = PBXBuildFile; fileRef = 63F1F92A2563E29B00798218 /* scene.atlas */; };
		63F1F92D2563E96F00798218 /* GameScene_physics.swift in Sources */ = {isa = PBXBuildFile; fileRef = 63F1F92C2563E96F00798218 /* GameScene_physics.swift */; };
		63F1F92F2563EB2E00798218 /* GameScene_touches.swift in Sources */ = {isa = PBXBuildFile; fileRef = 63F1F92E2563EB2E00798218 /* GameScene_touches.swift */; };
		63F1F93725644AB300798218 /* worm.mp3 in Resources */ = {isa = PBXBuildFile; fileRef = 63F1F93625644AB300798218 /* worm.mp3 */; };
		63F1F939256515E600798218 /* Animation.swift in Sources */ = {isa = PBXBuildFile; fileRef = 63F1F938256515E600798218 /* Animation.swift */; };
		63F1F93B25651A2100798218 /* Utils.swift in Sources */ = {isa = PBXBuildFile; fileRef = 63F1F93A25651A2100798218 /* Utils.swift */; };
		63F1F943256534DF00798218 /* engine.sks in Resources */ = {isa = PBXBuildFile; fileRef = 63F1F942256534DF00798218 /* engine.sks */; };
		63F1F945256582F800798218 /* MainViewController.swift in Sources */ = {isa = PBXBuildFile; fileRef = 63F1F944256582F800798218 /* MainViewController.swift */; };
		63F1F948256584E800798218 /* SKTAudio.swift in Sources */ = {isa = PBXBuildFile; fileRef = 63F1F947256584E800798218 /* SKTAudio.swift */; };
		63F1F94B2565898100798218 /* Model.swift in Sources */ = {isa = PBXBuildFile; fileRef = 63F1F94A2565898100798218 /* Model.swift */; };
		63F1F94D25658B4B00798218 /* LevelViewController.swift in Sources */ = {isa = PBXBuildFile; fileRef = 63F1F94C25658B4B00798218 /* LevelViewController.swift */; };
		63F1F94F25658E7A00798218 /* SelectBgViewController.swift in Sources */ = {isa = PBXBuildFile; fileRef = 63F1F94E25658E7A00798218 /* SelectBgViewController.swift */; };
		63F1F95D25666ACD00798218 /* ReloadGame.swift in Sources */ = {isa = PBXBuildFile; fileRef = 63F1F95C25666ACD00798218 /* ReloadGame.swift */; };
		63F1F95F25666B3700798218 /* Timers.swift in Sources */ = {isa = PBXBuildFile; fileRef = 63F1F95E25666B3700798218 /* Timers.swift */; };
		63F1F96125666BDD00798218 /* Background.swift in Sources */ = {isa = PBXBuildFile; fileRef = 63F1F96025666BDD00798218 /* Background.swift */; };
		63F1F96325666D1000798218 /* Enemies.swift in Sources */ = {isa = PBXBuildFile; fileRef = 63F1F96225666D1000798218 /* Enemies.swift */; };
		63F1F965256677C000798218 /* Astounder.otf in Resources */ = {isa = PBXBuildFile; fileRef = 63F1F964256677C000798218 /* Astounder.otf */; };
		63F1F97625668E0C00798218 /* bg1.png in Resources */ = {isa = PBXBuildFile; fileRef = 63F1F97325668E0C00798218 /* bg1.png */; };
		63F1F979256694CC00798218 /* bg3500points.png in Resources */ = {isa = PBXBuildFile; fileRef = 63F1F977256694CC00798218 /* bg3500points.png */; };
		63F1F97C2566952500798218 /* bg2.png in Resources */ = {isa = PBXBuildFile; fileRef = 63F1F97B2566952500798218 /* bg2.png */; };
		63F1F97E2566953F00798218 /* bg3.png in Resources */ = {isa = PBXBuildFile; fileRef = 63F1F97D2566953F00798218 /* bg3.png */; };
		63F1F9822566B26600798218 /* shoeSpark.sks in Resources */ = {isa = PBXBuildFile; fileRef = 63F1F9812566B26600798218 /* shoeSpark.sks */; };
		63F1F9892566D78600798218 /* fly.mp3 in Resources */ = {isa = PBXBuildFile; fileRef = 63F1F9882566D78500798218 /* fly.mp3 */; };
		63F1F98D2566F28600798218 /* push.mp3 in Resources */ = {isa = PBXBuildFile; fileRef = 63F1F98C2566F28600798218 /* push.mp3 */; };
		63F1F98F2566F49600798218 /* pickCoin.mp3 in Resources */ = {isa = PBXBuildFile; fileRef = 63F1F98E2566F49600798218 /* pickCoin.mp3 */; };
		63F1F9952566FA8100798218 /* greenMonster.mp3 in Resources */ = {isa = PBXBuildFile; fileRef = 63F1F9942566FA8100798218 /* greenMonster.mp3 */; };
		63F1F9A12566FE5E00798218 /* death.mp3 in Resources */ = {isa = PBXBuildFile; fileRef = 63F1F9A02566FE5E00798218 /* death.mp3 */; };
		63F1F9A32566FEEE00798218 /* skull.mp3 in Resources */ = {isa = PBXBuildFile; fileRef = 63F1F9A22566FEEE00798218 /* skull.mp3 */; };
		63F1F9A62567000500798218 /* backgr.mp3 in Resources */ = {isa = PBXBuildFile; fileRef = 63F1F9A52567000500798218 /* backgr.mp3 */; };
		63F1F9A82567000C00798218 /* ufo.mp3 in Resources */ = {isa = PBXBuildFile; fileRef = 63F1F9A72567000C00798218 /* ufo.mp3 */; };
		63F1F9AA256703A400798218 /* shiled.mp3 in Resources */ = {isa = PBXBuildFile; fileRef = 63F1F9A9256703A400798218 /* shiled.mp3 */; };
		63F1F9AC2567CEC500798218 /* slime.mp3 in Resources */ = {isa = PBXBuildFile; fileRef = 63F1F9AB2567CEC500798218 /* slime.mp3 */; };
/* End PBXBuildFile section */

/* Begin PBXFileReference section */
		63678B0D2567D1F900523908 /* bg200points.png */ = {isa = PBXFileReference; lastKnownFileType = image.png; path = bg200points.png; sourceTree = "<group>"; };
		63678B0F2567D9B700523908 /* Stage.swift */ = {isa = PBXFileReference; lastKnownFileType = sourcecode.swift; path = Stage.swift; sourceTree = "<group>"; };
		63F1F90F2563D2B100798218 /* Oh, boy!.app */ = {isa = PBXFileReference; explicitFileType = wrapper.application; includeInIndex = 0; path = "Oh, boy!.app"; sourceTree = BUILT_PRODUCTS_DIR; };
		63F1F9122563D2B100798218 /* AppDelegate.swift */ = {isa = PBXFileReference; lastKnownFileType = sourcecode.swift; path = AppDelegate.swift; sourceTree = "<group>"; };
		63F1F9142563D2B100798218 /* GameScene.sks */ = {isa = PBXFileReference; lastKnownFileType = file.sks; path = GameScene.sks; sourceTree = "<group>"; };
		63F1F9182563D2B100798218 /* GameScene.swift */ = {isa = PBXFileReference; lastKnownFileType = sourcecode.swift; path = GameScene.swift; sourceTree = "<group>"; };
		63F1F91A2563D2B100798218 /* GameViewController.swift */ = {isa = PBXFileReference; lastKnownFileType = sourcecode.swift; path = GameViewController.swift; sourceTree = "<group>"; };
		63F1F91D2563D2B100798218 /* Base */ = {isa = PBXFileReference; lastKnownFileType = file.storyboard; name = Base; path = Base.lproj/Main.storyboard; sourceTree = "<group>"; };
		63F1F91F2563D2B200798218 /* Assets.xcassets */ = {isa = PBXFileReference; lastKnownFileType = folder.assetcatalog; path = Assets.xcassets; sourceTree = "<group>"; };
		63F1F9222563D2B200798218 /* Base */ = {isa = PBXFileReference; lastKnownFileType = file.storyboard; name = Base; path = Base.lproj/LaunchScreen.storyboard; sourceTree = "<group>"; };
		63F1F9242563D2B200798218 /* Info.plist */ = {isa = PBXFileReference; lastKnownFileType = text.plist.xml; path = Info.plist; sourceTree = "<group>"; };
		63F1F92A2563E29B00798218 /* scene.atlas */ = {isa = PBXFileReference; lastKnownFileType = folder.skatlas; path = scene.atlas; sourceTree = "<group>"; };
		63F1F92C2563E96F00798218 /* GameScene_physics.swift */ = {isa = PBXFileReference; lastKnownFileType = sourcecode.swift; path = GameScene_physics.swift; sourceTree = "<group>"; };
		63F1F92E2563EB2E00798218 /* GameScene_touches.swift */ = {isa = PBXFileReference; lastKnownFileType = sourcecode.swift; path = GameScene_touches.swift; sourceTree = "<group>"; };
		63F1F93625644AB300798218 /* worm.mp3 */ = {isa = PBXFileReference; lastKnownFileType = audio.mp3; path = worm.mp3; sourceTree = "<group>"; };
		63F1F938256515E600798218 /* Animation.swift */ = {isa = PBXFileReference; lastKnownFileType = sourcecode.swift; path = Animation.swift; sourceTree = "<group>"; };
		63F1F93A25651A2100798218 /* Utils.swift */ = {isa = PBXFileReference; lastKnownFileType = sourcecode.swift; path = Utils.swift; sourceTree = "<group>"; };
		63F1F942256534DF00798218 /* engine.sks */ = {isa = PBXFileReference; lastKnownFileType = file.sks; path = engine.sks; sourceTree = "<group>"; };
		63F1F944256582F800798218 /* MainViewController.swift */ = {isa = PBXFileReference; lastKnownFileType = sourcecode.swift; path = MainViewController.swift; sourceTree = "<group>"; };
		63F1F947256584E800798218 /* SKTAudio.swift */ = {isa = PBXFileReference; fileEncoding = 4; lastKnownFileType = sourcecode.swift; path = SKTAudio.swift; sourceTree = "<group>"; };
		63F1F94A2565898100798218 /* Model.swift */ = {isa = PBXFileReference; lastKnownFileType = sourcecode.swift; path = Model.swift; sourceTree = "<group>"; };
		63F1F94C25658B4B00798218 /* LevelViewController.swift */ = {isa = PBXFileReference; lastKnownFileType = sourcecode.swift; path = LevelViewController.swift; sourceTree = "<group>"; };
		63F1F94E25658E7A00798218 /* SelectBgViewController.swift */ = {isa = PBXFileReference; lastKnownFileType = sourcecode.swift; path = SelectBgViewController.swift; sourceTree = "<group>"; };
		63F1F95C25666ACD00798218 /* ReloadGame.swift */ = {isa = PBXFileReference; lastKnownFileType = sourcecode.swift; path = ReloadGame.swift; sourceTree = "<group>"; };
		63F1F95E25666B3700798218 /* Timers.swift */ = {isa = PBXFileReference; lastKnownFileType = sourcecode.swift; path = Timers.swift; sourceTree = "<group>"; };
		63F1F96025666BDD00798218 /* Background.swift */ = {isa = PBXFileReference; lastKnownFileType = sourcecode.swift; path = Background.swift; sourceTree = "<group>"; };
		63F1F96225666D1000798218 /* Enemies.swift */ = {isa = PBXFileReference; lastKnownFileType = sourcecode.swift; path = Enemies.swift; sourceTree = "<group>"; };
		63F1F964256677C000798218 /* Astounder.otf */ = {isa = PBXFileReference; lastKnownFileType = file; path = Astounder.otf; sourceTree = "<group>"; };
		63F1F97325668E0C00798218 /* bg1.png */ = {isa = PBXFileReference; lastKnownFileType = image.png; path = bg1.png; sourceTree = "<group>"; };
		63F1F977256694CC00798218 /* bg3500points.png */ = {isa = PBXFileReference; lastKnownFileType = image.png; path = bg3500points.png; sourceTree = "<group>"; };
		63F1F97B2566952500798218 /* bg2.png */ = {isa = PBXFileReference; lastKnownFileType = image.png; path = bg2.png; sourceTree = "<group>"; };
		63F1F97D2566953F00798218 /* bg3.png */ = {isa = PBXFileReference; lastKnownFileType = image.png; path = bg3.png; sourceTree = "<group>"; };
		63F1F9812566B26600798218 /* shoeSpark.sks */ = {isa = PBXFileReference; lastKnownFileType = file.sks; path = shoeSpark.sks; sourceTree = "<group>"; };
		63F1F9882566D78500798218 /* fly.mp3 */ = {isa = PBXFileReference; lastKnownFileType = audio.mp3; path = fly.mp3; sourceTree = "<group>"; };
		63F1F98C2566F28600798218 /* push.mp3 */ = {isa = PBXFileReference; lastKnownFileType = audio.mp3; path = push.mp3; sourceTree = "<group>"; };
		63F1F98E2566F49600798218 /* pickCoin.mp3 */ = {isa = PBXFileReference; lastKnownFileType = audio.mp3; path = pickCoin.mp3; sourceTree = "<group>"; };
		63F1F9942566FA8100798218 /* greenMonster.mp3 */ = {isa = PBXFileReference; lastKnownFileType = audio.mp3; path = greenMonster.mp3; sourceTree = "<group>"; };
		63F1F9A02566FE5E00798218 /* death.mp3 */ = {isa = PBXFileReference; lastKnownFileType = audio.mp3; path = death.mp3; sourceTree = "<group>"; };
		63F1F9A22566FEEE00798218 /* skull.mp3 */ = {isa = PBXFileReference; lastKnownFileType = audio.mp3; path = skull.mp3; sourceTree = "<group>"; };
		63F1F9A52567000500798218 /* backgr.mp3 */ = {isa = PBXFileReference; lastKnownFileType = audio.mp3; path = backgr.mp3; sourceTree = "<group>"; };
		63F1F9A72567000C00798218 /* ufo.mp3 */ = {isa = PBXFileReference; lastKnownFileType = audio.mp3; path = ufo.mp3; sourceTree = "<group>"; };
		63F1F9A9256703A400798218 /* shiled.mp3 */ = {isa = PBXFileReference; lastKnownFileType = audio.mp3; path = shiled.mp3; sourceTree = "<group>"; };
		63F1F9AB2567CEC500798218 /* slime.mp3 */ = {isa = PBXFileReference; lastKnownFileType = audio.mp3; path = slime.mp3; sourceTree = "<group>"; };
/* End PBXFileReference section */

/* Begin PBXFrameworksBuildPhase section */
		63F1F90C2563D2B100798218 /* Frameworks */ = {
			isa = PBXFrameworksBuildPhase;
			buildActionMask = 2147483647;
			files = (
			);
			runOnlyForDeploymentPostprocessing = 0;
		};
/* End PBXFrameworksBuildPhase section */

/* Begin PBXGroup section */
		63678B112567E66200523908 /* SupportFiles */ = {
			isa = PBXGroup;
			children = (
				63F1F9242563D2B200798218 /* Info.plist */,
				63F1F91F2563D2B200798218 /* Assets.xcassets */,
				63F1F9122563D2B100798218 /* AppDelegate.swift */,
			);
			name = SupportFiles;
			sourceTree = "<group>";
		};
		63678B122567E7D300523908 /* Data */ = {
			isa = PBXGroup;
			children = (
				63F1F9852566CF2900798218 /* Emitters */,
				63F1F9662566788F00798218 /* Fonts */,
				63F1F9862566CF6800798218 /* Backgrounds */,
				63F1F93225641CA400798218 /* Sounds */,
			);
			path = Data;
			sourceTree = "<group>";
		};
		63F1F9062563D2B100798218 = {
			isa = PBXGroup;
			children = (
				63F1F9112563D2B100798218 /* Oh, boy! */,
				63F1F9102563D2B100798218 /* Products */,
			);
			sourceTree = "<group>";
		};
		63F1F9102563D2B100798218 /* Products */ = {
			isa = PBXGroup;
			children = (
				63F1F90F2563D2B100798218 /* Oh, boy!.app */,
			);
			name = Products;
			sourceTree = "<group>";
		};
		63F1F9112563D2B100798218 /* Oh, boy! */ = {
			isa = PBXGroup;
			children = (
				63F1F9872566CF9300798218 /* GameScene */,
				63F1F9462565849D00798218 /* Helpers */,
				63F1F93525641CE700798218 /* ViewControllers */,
				63F1F93425641CCB00798218 /* UIBuilders */,
				63F1F9492565897200798218 /* Model */,
				63F1F92A2563E29B00798218 /* scene.atlas */,
				63678B122567E7D300523908 /* Data */,
				63678B112567E66200523908 /* SupportFiles */,
			);
			path = "Oh, boy!";
			sourceTree = "<group>";
		};
		63F1F93225641CA400798218 /* Sounds */ = {
			isa = PBXGroup;
			children = (
				63F1F98E2566F49600798218 /* pickCoin.mp3 */,
				63F1F9882566D78500798218 /* fly.mp3 */,
				63F1F9942566FA8100798218 /* greenMonster.mp3 */,
				63F1F98C2566F28600798218 /* push.mp3 */,
				63F1F9A22566FEEE00798218 /* skull.mp3 */,
				63F1F9A52567000500798218 /* backgr.mp3 */,
				63F1F9AB2567CEC500798218 /* slime.mp3 */,
				63F1F9A72567000C00798218 /* ufo.mp3 */,
				63F1F9A9256703A400798218 /* shiled.mp3 */,
				63F1F93625644AB300798218 /* worm.mp3 */,
				63F1F9A02566FE5E00798218 /* death.mp3 */,
			);
			path = Sounds;
			sourceTree = "<group>";
		};
		63F1F93325641CB100798218 /* Extensions */ = {
			isa = PBXGroup;
			children = (
				63F1F92E2563EB2E00798218 /* GameScene_touches.swift */,
				63F1F92C2563E96F00798218 /* GameScene_physics.swift */,
				63F1F95C25666ACD00798218 /* ReloadGame.swift */,
				63F1F95E25666B3700798218 /* Timers.swift */,
				63F1F96025666BDD00798218 /* Background.swift */,
				63F1F96225666D1000798218 /* Enemies.swift */,
				63678B0F2567D9B700523908 /* Stage.swift */,
			);
			path = Extensions;
			sourceTree = "<group>";
		};
		63F1F93425641CCB00798218 /* UIBuilders */ = {
			isa = PBXGroup;
			children = (
				63F1F91C2563D2B100798218 /* Main.storyboard */,
				63F1F9212563D2B200798218 /* LaunchScreen.storyboard */,
			);
			path = UIBuilders;
			sourceTree = "<group>";
		};
		63F1F93525641CE700798218 /* ViewControllers */ = {
			isa = PBXGroup;
			children = (
				63F1F91A2563D2B100798218 /* GameViewController.swift */,
				63F1F94C25658B4B00798218 /* LevelViewController.swift */,
				63F1F94E25658E7A00798218 /* SelectBgViewController.swift */,
				63F1F944256582F800798218 /* MainViewController.swift */,
			);
			path = ViewControllers;
			sourceTree = "<group>";
		};
		63F1F9462565849D00798218 /* Helpers */ = {
			isa = PBXGroup;
			children = (
				63F1F938256515E600798218 /* Animation.swift */,
				63F1F93A25651A2100798218 /* Utils.swift */,
				63F1F947256584E800798218 /* SKTAudio.swift */,
			);
			path = Helpers;
			sourceTree = "<group>";
		};
		63F1F9492565897200798218 /* Model */ = {
			isa = PBXGroup;
			children = (
				63F1F94A2565898100798218 /* Model.swift */,
			);
			path = Model;
			sourceTree = "<group>";
		};
		63F1F9662566788F00798218 /* Fonts */ = {
			isa = PBXGroup;
			children = (
				63F1F964256677C000798218 /* Astounder.otf */,
			);
			path = Fonts;
			sourceTree = "<group>";
		};
		63F1F9852566CF2900798218 /* Emitters */ = {
			isa = PBXGroup;
			children = (
				63F1F942256534DF00798218 /* engine.sks */,
				63F1F9812566B26600798218 /* shoeSpark.sks */,
			);
			path = Emitters;
			sourceTree = "<group>";
		};
		63F1F9862566CF6800798218 /* Backgrounds */ = {
			isa = PBXGroup;
			children = (
				63F1F97B2566952500798218 /* bg2.png */,
				63F1F97D2566953F00798218 /* bg3.png */,
				63678B0D2567D1F900523908 /* bg200points.png */,
				63F1F97325668E0C00798218 /* bg1.png */,
				63F1F977256694CC00798218 /* bg3500points.png */,
			);
			path = Backgrounds;
			sourceTree = "<group>";
		};
		63F1F9872566CF9300798218 /* GameScene */ = {
			isa = PBXGroup;
			children = (
				63F1F9142563D2B100798218 /* GameScene.sks */,
				63F1F9182563D2B100798218 /* GameScene.swift */,
				63F1F93325641CB100798218 /* Extensions */,
			);
			path = GameScene;
			sourceTree = "<group>";
		};
/* End PBXGroup section */

/* Begin PBXNativeTarget section */
		63F1F90E2563D2B100798218 /* Oh, boy! */ = {
			isa = PBXNativeTarget;
			buildConfigurationList = 63F1F9272563D2B200798218 /* Build configuration list for PBXNativeTarget "Oh, boy!" */;
			buildPhases = (
				63F1F90B2563D2B100798218 /* Sources */,
				63F1F90C2563D2B100798218 /* Frameworks */,
				63F1F90D2563D2B100798218 /* Resources */,
			);
			buildRules = (
			);
			dependencies = (
			);
			name = "Oh, boy!";
			productName = "Oh, boy!";
			productReference = 63F1F90F2563D2B100798218 /* Oh, boy!.app */;
			productType = "com.apple.product-type.application";
		};
/* End PBXNativeTarget section */

/* Begin PBXProject section */
		63F1F9072563D2B100798218 /* Project object */ = {
			isa = PBXProject;
			attributes = {
				LastSwiftUpdateCheck = 1130;
				LastUpgradeCheck = 1130;
				ORGANIZATIONNAME = "Туйаара Оконешникова";
				TargetAttributes = {
					63F1F90E2563D2B100798218 = {
						CreatedOnToolsVersion = 11.3.1;
					};
				};
			};
			buildConfigurationList = 63F1F90A2563D2B100798218 /* Build configuration list for PBXProject "Oh, boy!" */;
			compatibilityVersion = "Xcode 9.3";
			developmentRegion = en;
			hasScannedForEncodings = 0;
			knownRegions = (
				en,
				Base,
			);
			mainGroup = 63F1F9062563D2B100798218;
			productRefGroup = 63F1F9102563D2B100798218 /* Products */;
			projectDirPath = "";
			projectRoot = "";
			targets = (
				63F1F90E2563D2B100798218 /* Oh, boy! */,
			);
		};
/* End PBXProject section */

/* Begin PBXResourcesBuildPhase section */
		63F1F90D2563D2B100798218 /* Resources */ = {
			isa = PBXResourcesBuildPhase;
			buildActionMask = 2147483647;
			files = (
				63F1F9A62567000500798218 /* backgr.mp3 in Resources */,
				63F1F9AC2567CEC500798218 /* slime.mp3 in Resources */,
				63F1F93725644AB300798218 /* worm.mp3 in Resources */,
				63F1F9952566FA8100798218 /* greenMonster.mp3 in Resources */,
				63F1F98D2566F28600798218 /* push.mp3 in Resources */,
				63F1F965256677C000798218 /* Astounder.otf in Resources */,
				63F1F9A82567000C00798218 /* ufo.mp3 in Resources */,
				63F1F91E2563D2B100798218 /* Main.storyboard in Resources */,
				63F1F97E2566953F00798218 /* bg3.png in Resources */,
				63F1F9152563D2B100798218 /* GameScene.sks in Resources */,
				63678B0E2567D1F900523908 /* bg200points.png in Resources */,
				63F1F92B2563E29B00798218 /* scene.atlas in Resources */,
				63F1F9892566D78600798218 /* fly.mp3 in Resources */,
				63F1F9202563D2B200798218 /* Assets.xcassets in Resources */,
				63F1F9232563D2B200798218 /* LaunchScreen.storyboard in Resources */,
				63F1F9A12566FE5E00798218 /* death.mp3 in Resources */,
				63F1F943256534DF00798218 /* engine.sks in Resources */,
				63F1F9AA256703A400798218 /* shiled.mp3 in Resources */,
				63F1F9822566B26600798218 /* shoeSpark.sks in Resources */,
				63F1F98F2566F49600798218 /* pickCoin.mp3 in Resources */,
				63F1F9A32566FEEE00798218 /* skull.mp3 in Resources */,
				63F1F97C2566952500798218 /* bg2.png in Resources */,
				63F1F979256694CC00798218 /* bg3500points.png in Resources */,
				63F1F97625668E0C00798218 /* bg1.png in Resources */,
			);
			runOnlyForDeploymentPostprocessing = 0;
		};
/* End PBXResourcesBuildPhase section */

/* Begin PBXSourcesBuildPhase section */
		63F1F90B2563D2B100798218 /* Sources */ = {
			isa = PBXSourcesBuildPhase;
			buildActionMask = 2147483647;
			files = (
				63678B102567D9B700523908 /* Stage.swift in Sources */,
				63F1F92D2563E96F00798218 /* GameScene_physics.swift in Sources */,
				63F1F95D25666ACD00798218 /* ReloadGame.swift in Sources */,
				63F1F9192563D2B100798218 /* GameScene.swift in Sources */,
				63F1F95F25666B3700798218 /* Timers.swift in Sources */,
				63F1F92F2563EB2E00798218 /* GameScene_touches.swift in Sources */,
				63F1F948256584E800798218 /* SKTAudio.swift in Sources */,
				63F1F93B25651A2100798218 /* Utils.swift in Sources */,
				63F1F94B2565898100798218 /* Model.swift in Sources */,
				63F1F91B2563D2B100798218 /* GameViewController.swift in Sources */,
				63F1F939256515E600798218 /* Animation.swift in Sources */,
				63F1F94D25658B4B00798218 /* LevelViewController.swift in Sources */,
				63F1F9132563D2B100798218 /* AppDelegate.swift in Sources */,
				63F1F945256582F800798218 /* MainViewController.swift in Sources */,
				63F1F94F25658E7A00798218 /* SelectBgViewController.swift in Sources */,
				63F1F96325666D1000798218 /* Enemies.swift in Sources */,
				63F1F96125666BDD00798218 /* Background.swift in Sources */,
			);
			runOnlyForDeploymentPostprocessing = 0;
		};
/* End PBXSourcesBuildPhase section */

/* Begin PBXVariantGroup section */
		63F1F91C2563D2B100798218 /* Main.storyboard */ = {
			isa = PBXVariantGroup;
			children = (
				63F1F91D2563D2B100798218 /* Base */,
			);
			name = Main.storyboard;
			sourceTree = "<group>";
		};
		63F1F9212563D2B200798218 /* LaunchScreen.storyboard */ = {
			isa = PBXVariantGroup;
			children = (
				63F1F9222563D2B200798218 /* Base */,
			);
			name = LaunchScreen.storyboard;
			sourceTree = "<group>";
		};
/* End PBXVariantGroup section */

/* Begin XCBuildConfiguration section */
		63F1F9252563D2B200798218 /* Debug */ = {
			isa = XCBuildConfiguration;
			buildSettings = {
				ALWAYS_SEARCH_USER_PATHS = NO;
				CLANG_ANALYZER_NONNULL = YES;
				CLANG_ANALYZER_NUMBER_OBJECT_CONVERSION = YES_AGGRESSIVE;
				CLANG_CXX_LANGUAGE_STANDARD = "gnu++14";
				CLANG_CXX_LIBRARY = "libc++";
				CLANG_ENABLE_MODULES = YES;
				CLANG_ENABLE_OBJC_ARC = YES;
				CLANG_ENABLE_OBJC_WEAK = YES;
				CLANG_WARN_BLOCK_CAPTURE_AUTORELEASING = YES;
				CLANG_WARN_BOOL_CONVERSION = YES;
				CLANG_WARN_COMMA = YES;
				CLANG_WARN_CONSTANT_CONVERSION = YES;
				CLANG_WARN_DEPRECATED_OBJC_IMPLEMENTATIONS = YES;
				CLANG_WARN_DIRECT_OBJC_ISA_USAGE = YES_ERROR;
				CLANG_WARN_DOCUMENTATION_COMMENTS = YES;
				CLANG_WARN_EMPTY_BODY = YES;
				CLANG_WARN_ENUM_CONVERSION = YES;
				CLANG_WARN_INFINITE_RECURSION = YES;
				CLANG_WARN_INT_CONVERSION = YES;
				CLANG_WARN_NON_LITERAL_NULL_CONVERSION = YES;
				CLANG_WARN_OBJC_IMPLICIT_RETAIN_SELF = YES;
				CLANG_WARN_OBJC_LITERAL_CONVERSION = YES;
				CLANG_WARN_OBJC_ROOT_CLASS = YES_ERROR;
				CLANG_WARN_RANGE_LOOP_ANALYSIS = YES;
				CLANG_WARN_STRICT_PROTOTYPES = YES;
				CLANG_WARN_SUSPICIOUS_MOVE = YES;
				CLANG_WARN_UNGUARDED_AVAILABILITY = YES_AGGRESSIVE;
				CLANG_WARN_UNREACHABLE_CODE = YES;
				CLANG_WARN__DUPLICATE_METHOD_MATCH = YES;
				COPY_PHASE_STRIP = NO;
				DEBUG_INFORMATION_FORMAT = dwarf;
				ENABLE_STRICT_OBJC_MSGSEND = YES;
				ENABLE_TESTABILITY = YES;
				GCC_C_LANGUAGE_STANDARD = gnu11;
				GCC_DYNAMIC_NO_PIC = NO;
				GCC_NO_COMMON_BLOCKS = YES;
				GCC_OPTIMIZATION_LEVEL = 0;
				GCC_PREPROCESSOR_DEFINITIONS = (
					"DEBUG=1",
					"$(inherited)",
				);
				GCC_WARN_64_TO_32_BIT_CONVERSION = YES;
				GCC_WARN_ABOUT_RETURN_TYPE = YES_ERROR;
				GCC_WARN_UNDECLARED_SELECTOR = YES;
				GCC_WARN_UNINITIALIZED_AUTOS = YES_AGGRESSIVE;
				GCC_WARN_UNUSED_FUNCTION = YES;
				GCC_WARN_UNUSED_VARIABLE = YES;
				IPHONEOS_DEPLOYMENT_TARGET = 13.2;
				MTL_ENABLE_DEBUG_INFO = INCLUDE_SOURCE;
				MTL_FAST_MATH = YES;
				ONLY_ACTIVE_ARCH = YES;
				SDKROOT = iphoneos;
				SWIFT_ACTIVE_COMPILATION_CONDITIONS = DEBUG;
				SWIFT_OPTIMIZATION_LEVEL = "-Onone";
			};
			name = Debug;
		};
		63F1F9262563D2B200798218 /* Release */ = {
			isa = XCBuildConfiguration;
			buildSettings = {
				ALWAYS_SEARCH_USER_PATHS = NO;
				CLANG_ANALYZER_NONNULL = YES;
				CLANG_ANALYZER_NUMBER_OBJECT_CONVERSION = YES_AGGRESSIVE;
				CLANG_CXX_LANGUAGE_STANDARD = "gnu++14";
				CLANG_CXX_LIBRARY = "libc++";
				CLANG_ENABLE_MODULES = YES;
				CLANG_ENABLE_OBJC_ARC = YES;
				CLANG_ENABLE_OBJC_WEAK = YES;
				CLANG_WARN_BLOCK_CAPTURE_AUTORELEASING = YES;
				CLANG_WARN_BOOL_CONVERSION = YES;
				CLANG_WARN_COMMA = YES;
				CLANG_WARN_CONSTANT_CONVERSION = YES;
				CLANG_WARN_DEPRECATED_OBJC_IMPLEMENTATIONS = YES;
				CLANG_WARN_DIRECT_OBJC_ISA_USAGE = YES_ERROR;
				CLANG_WARN_DOCUMENTATION_COMMENTS = YES;
				CLANG_WARN_EMPTY_BODY = YES;
				CLANG_WARN_ENUM_CONVERSION = YES;
				CLANG_WARN_INFINITE_RECURSION = YES;
				CLANG_WARN_INT_CONVERSION = YES;
				CLANG_WARN_NON_LITERAL_NULL_CONVERSION = YES;
				CLANG_WARN_OBJC_IMPLICIT_RETAIN_SELF = YES;
				CLANG_WARN_OBJC_LITERAL_CONVERSION = YES;
				CLANG_WARN_OBJC_ROOT_CLASS = YES_ERROR;
				CLANG_WARN_RANGE_LOOP_ANALYSIS = YES;
				CLANG_WARN_STRICT_PROTOTYPES = YES;
				CLANG_WARN_SUSPICIOUS_MOVE = YES;
				CLANG_WARN_UNGUARDED_AVAILABILITY = YES_AGGRESSIVE;
				CLANG_WARN_UNREACHABLE_CODE = YES;
				CLANG_WARN__DUPLICATE_METHOD_MATCH = YES;
				COPY_PHASE_STRIP = NO;
				DEBUG_INFORMATION_FORMAT = "dwarf-with-dsym";
				ENABLE_NS_ASSERTIONS = NO;
				ENABLE_STRICT_OBJC_MSGSEND = YES;
				GCC_C_LANGUAGE_STANDARD = gnu11;
				GCC_NO_COMMON_BLOCKS = YES;
				GCC_WARN_64_TO_32_BIT_CONVERSION = YES;
				GCC_WARN_ABOUT_RETURN_TYPE = YES_ERROR;
				GCC_WARN_UNDECLARED_SELECTOR = YES;
				GCC_WARN_UNINITIALIZED_AUTOS = YES_AGGRESSIVE;
				GCC_WARN_UNUSED_FUNCTION = YES;
				GCC_WARN_UNUSED_VARIABLE = YES;
				IPHONEOS_DEPLOYMENT_TARGET = 13.2;
				MTL_ENABLE_DEBUG_INFO = NO;
				MTL_FAST_MATH = YES;
				SDKROOT = iphoneos;
				SWIFT_COMPILATION_MODE = wholemodule;
				SWIFT_OPTIMIZATION_LEVEL = "-O";
				VALIDATE_PRODUCT = YES;
			};
			name = Release;
		};
		63F1F9282563D2B200798218 /* Debug */ = {
			isa = XCBuildConfiguration;
			buildSettings = {
				ASSETCATALOG_COMPILER_APPICON_NAME = AppIcon;
				CODE_SIGN_STYLE = Automatic;
				DEVELOPMENT_TEAM = 4825WAP7SS;
				INFOPLIST_FILE = "Oh, boy!/SupportFiles/Info.plist";
				LD_RUNPATH_SEARCH_PATHS = (
					"$(inherited)",
					"@executable_path/Frameworks",
				);
				PRODUCT_BUNDLE_IDENTIFIER = "com.appsite.Oh--boy-";
				PRODUCT_NAME = "$(TARGET_NAME)";
				SWIFT_VERSION = 5.0;
				TARGETED_DEVICE_FAMILY = "1,2";
			};
			name = Debug;
		};
		63F1F9292563D2B200798218 /* Release */ = {
			isa = XCBuildConfiguration;
			buildSettings = {
				ASSETCATALOG_COMPILER_APPICON_NAME = AppIcon;
				CODE_SIGN_STYLE = Automatic;
				DEVELOPMENT_TEAM = 4825WAP7SS;
				INFOPLIST_FILE = "Oh, boy!/SupportFiles/Info.plist";
				LD_RUNPATH_SEARCH_PATHS = (
					"$(inherited)",
					"@executable_path/Frameworks",
				);
				PRODUCT_BUNDLE_IDENTIFIER = "com.appsite.Oh--boy-";
				PRODUCT_NAME = "$(TARGET_NAME)";
				SWIFT_VERSION = 5.0;
				TARGETED_DEVICE_FAMILY = "1,2";
			};
			name = Release;
		};
/* End XCBuildConfiguration section */

/* Begin XCConfigurationList section */
		63F1F90A2563D2B100798218 /* Build configuration list for PBXProject "Oh, boy!" */ = {
			isa = XCConfigurationList;
			buildConfigurations = (
				63F1F9252563D2B200798218 /* Debug */,
				63F1F9262563D2B200798218 /* Release */,
			);
			defaultConfigurationIsVisible = 0;
			defaultConfigurationName = Release;
		};
		63F1F9272563D2B200798218 /* Build configuration list for PBXNativeTarget "Oh, boy!" */ = {
			isa = XCConfigurationList;
			buildConfigurations = (
				63F1F9282563D2B200798218 /* Debug */,
				63F1F9292563D2B200798218 /* Release */,
			);
			defaultConfigurationIsVisible = 0;
			defaultConfigurationName = Release;
		};
/* End XCConfigurationList section */
	};
	rootObject = 63F1F9072563D2B100798218 /* Project object */;
}
